
Microsoft Visual Studio Solution File, Format Version 12.00
# Visual Studio Version 16
VisualStudioVersion = 16.0.29306.81
MinimumVisualStudioVersion = 10.0.40219.1
Project("{E24C65DC-7377-472B-9ABA-BC803B73C61A}") = "UD02-Act 02", ".", "{DE8EF49C-3BC7-4CA2-819B-BA550C6C66AA}"
	ProjectSection(WebsiteProperties) = preProject
		TargetFrameworkMoniker = ".NETFramework,Version%3Dv4.7.2"
		Debug.AspNetCompiler.VirtualPath = "/localhost_53545"
		Debug.AspNetCompiler.PhysicalPath = "..\UD02-Act 02\"
		Debug.AspNetCompiler.TargetPath = "PrecompiledWeb\localhost_53545\"
		Debug.AspNetCompiler.Updateable = "true"
		Debug.AspNetCompiler.ForceOverwrite = "true"
		Debug.AspNetCompiler.FixedNames = "false"
		Debug.AspNetCompiler.Debug = "True"
		Release.AspNetCompiler.VirtualPath = "/localhost_53545"
		Release.AspNetCompiler.PhysicalPath = "..\UD02-Act 02\"
		Release.AspNetCompiler.TargetPath = "PrecompiledWeb\localhost_53545\"
		Release.AspNetCompiler.Updateable = "true"
		Release.AspNetCompiler.ForceOverwrite = "true"
		Release.AspNetCompiler.FixedNames = "false"
		Release.AspNetCompiler.Debug = "False"
		VWDPort = "53545"
		SlnRelativePath = "..\UD02-Act 02\"
		DefaultWebSiteLanguage = "Visual Basic"
	EndProjectSection
EndProject
Global
	GlobalSection(SolutionConfigurationPlatforms) = preSolution
		Debug|Any CPU = Debug|Any CPU
	EndGlobalSection
	GlobalSection(ProjectConfigurationPlatforms) = postSolution
		{DE8EF49C-3BC7-4CA2-819B-BA550C6C66AA}.Debug|Any CPU.ActiveCfg = Debug|Any CPU
		{DE8EF49C-3BC7-4CA2-819B-BA550C6C66AA}.Debug|Any CPU.Build.0 = Debug|Any CPU
	EndGlobalSection
	GlobalSection(SolutionProperties) = preSolution
		HideSolutionNode = FALSE
	EndGlobalSection
	GlobalSection(ExtensibilityGlobals) = postSolution
		SolutionGuid = {A9800E72-0F2E-4BD5-B37A-350666268524}
	EndGlobalSection
EndGlobal
