
Microsoft Visual Studio Solution File, Format Version 12.00
# Visual Studio Version 16
VisualStudioVersion = 16.0.29306.81
MinimumVisualStudioVersion = 10.0.40219.1
Project("{F184B08F-C81C-45F6-A57F-5ABD9991F28F}") = "Eqlib", "Eqlib.vbproj", "{83F39904-E146-4608-AED1-91B038803B2D}"
EndProject
Global
	GlobalSection(SolutionConfigurationPlatforms) = preSolution
		Debug|Any CPU = Debug|Any CPU
		Release|Any CPU = Release|Any CPU
	EndGlobalSection
	GlobalSection(ProjectConfigurationPlatforms) = postSolution
		{83F39904-E146-4608-AED1-91B038803B2D}.Debug|Any CPU.ActiveCfg = Debug|Any CPU
		{83F39904-E146-4608-AED1-91B038803B2D}.Debug|Any CPU.Build.0 = Debug|Any CPU
		{83F39904-E146-4608-AED1-91B038803B2D}.Release|Any CPU.ActiveCfg = Release|Any CPU
		{83F39904-E146-4608-AED1-91B038803B2D}.Release|Any CPU.Build.0 = Release|Any CPU
	EndGlobalSection
	GlobalSection(SolutionProperties) = preSolution
		HideSolutionNode = FALSE
	EndGlobalSection
	GlobalSection(ExtensibilityGlobals) = postSolution
		SolutionGuid = {1E78654D-8B6B-4F4F-AE89-13D75AA47D9A}
	EndGlobalSection
EndGlobal
