
Microsoft Visual Studio Solution File, Format Version 12.00
# Visual Studio Version 16
VisualStudioVersion = 16.0.29326.143
MinimumVisualStudioVersion = 10.0.40219.1
Project("{E24C65DC-7377-472B-9ABA-BC803B73C61A}") = "UD03-Act 03B", ".", "{189DB5AF-BA23-4CB8-A9E3-008AD038311B}"
	ProjectSection(WebsiteProperties) = preProject
		TargetFrameworkMoniker = ".NETFramework,Version%3Dv4.7.2"
		Debug.AspNetCompiler.VirtualPath = "/localhost_50330"
		Debug.AspNetCompiler.PhysicalPath = "..\UD03-Act 03B\"
		Debug.AspNetCompiler.TargetPath = "PrecompiledWeb\localhost_50330\"
		Debug.AspNetCompiler.Updateable = "true"
		Debug.AspNetCompiler.ForceOverwrite = "true"
		Debug.AspNetCompiler.FixedNames = "false"
		Debug.AspNetCompiler.Debug = "True"
		Release.AspNetCompiler.VirtualPath = "/localhost_50330"
		Release.AspNetCompiler.PhysicalPath = "..\UD03-Act 03B\"
		Release.AspNetCompiler.TargetPath = "PrecompiledWeb\localhost_50330\"
		Release.AspNetCompiler.Updateable = "true"
		Release.AspNetCompiler.ForceOverwrite = "true"
		Release.AspNetCompiler.FixedNames = "false"
		Release.AspNetCompiler.Debug = "False"
		VWDPort = "50330"
		SlnRelativePath = "..\UD03-Act 03B\"
		DefaultWebSiteLanguage = "Visual C#"
	EndProjectSection
EndProject
Global
	GlobalSection(SolutionConfigurationPlatforms) = preSolution
		Debug|Any CPU = Debug|Any CPU
	EndGlobalSection
	GlobalSection(ProjectConfigurationPlatforms) = postSolution
		{189DB5AF-BA23-4CB8-A9E3-008AD038311B}.Debug|Any CPU.ActiveCfg = Debug|Any CPU
		{189DB5AF-BA23-4CB8-A9E3-008AD038311B}.Debug|Any CPU.Build.0 = Debug|Any CPU
	EndGlobalSection
	GlobalSection(SolutionProperties) = preSolution
		HideSolutionNode = FALSE
	EndGlobalSection
	GlobalSection(ExtensibilityGlobals) = postSolution
		SolutionGuid = {472811BE-42A3-4F03-A8AB-0E0AC0E366AC}
	EndGlobalSection
EndGlobal
