
Microsoft Visual Studio Solution File, Format Version 12.00
# Visual Studio Version 16
VisualStudioVersion = 16.0.29306.81
MinimumVisualStudioVersion = 10.0.40219.1
Project("{E24C65DC-7377-472B-9ABA-BC803B73C61A}") = "Dineros(1)", "Dineros\", "{FA9A231C-CB6C-4ED8-9237-2E03C81BE452}"
	ProjectSection(WebsiteProperties) = preProject
		TargetFrameworkMoniker = ".NETFramework,Version%3Dv4.7.2"
		Debug.AspNetCompiler.VirtualPath = "/localhost_50263"
		Debug.AspNetCompiler.PhysicalPath = "Dineros\"
		Debug.AspNetCompiler.TargetPath = "PrecompiledWeb\localhost_50263\"
		Debug.AspNetCompiler.Updateable = "true"
		Debug.AspNetCompiler.ForceOverwrite = "true"
		Debug.AspNetCompiler.FixedNames = "false"
		Debug.AspNetCompiler.Debug = "True"
		Release.AspNetCompiler.VirtualPath = "/localhost_50263"
		Release.AspNetCompiler.PhysicalPath = "Dineros\"
		Release.AspNetCompiler.TargetPath = "PrecompiledWeb\localhost_50263\"
		Release.AspNetCompiler.Updateable = "true"
		Release.AspNetCompiler.ForceOverwrite = "true"
		Release.AspNetCompiler.FixedNames = "false"
		Release.AspNetCompiler.Debug = "False"
		VWDPort = "50263"
		DefaultWebSiteLanguage = "Visual Basic"
	EndProjectSection
EndProject
Global
	GlobalSection(SolutionConfigurationPlatforms) = preSolution
		Debug|Any CPU = Debug|Any CPU
	EndGlobalSection
	GlobalSection(ProjectConfigurationPlatforms) = postSolution
		{FA9A231C-CB6C-4ED8-9237-2E03C81BE452}.Debug|Any CPU.ActiveCfg = Debug|Any CPU
		{FA9A231C-CB6C-4ED8-9237-2E03C81BE452}.Debug|Any CPU.Build.0 = Debug|Any CPU
	EndGlobalSection
	GlobalSection(SolutionProperties) = preSolution
		HideSolutionNode = FALSE
	EndGlobalSection
	GlobalSection(ExtensibilityGlobals) = postSolution
		SolutionGuid = {950D3850-7201-4827-AFE3-0CB128CBCAB0}
	EndGlobalSection
EndGlobal
