
Microsoft Visual Studio Solution File, Format Version 12.00
# Visual Studio Version 16
VisualStudioVersion = 16.0.29326.143
MinimumVisualStudioVersion = 10.0.40219.1
Project("{E24C65DC-7377-472B-9ABA-BC803B73C61A}") = "UD02-Act 01B", ".", "{7E0F02F0-FCAC-43FD-91DE-A39F7BD47853}"
	ProjectSection(WebsiteProperties) = preProject
		TargetFrameworkMoniker = ".NETFramework,Version%3Dv4.7.2"
		Debug.AspNetCompiler.VirtualPath = "/localhost_51087"
		Debug.AspNetCompiler.PhysicalPath = "..\UD02-Act 01B\"
		Debug.AspNetCompiler.TargetPath = "PrecompiledWeb\localhost_51087\"
		Debug.AspNetCompiler.Updateable = "true"
		Debug.AspNetCompiler.ForceOverwrite = "true"
		Debug.AspNetCompiler.FixedNames = "false"
		Debug.AspNetCompiler.Debug = "True"
		Release.AspNetCompiler.VirtualPath = "/localhost_51087"
		Release.AspNetCompiler.PhysicalPath = "..\UD02-Act 01B\"
		Release.AspNetCompiler.TargetPath = "PrecompiledWeb\localhost_51087\"
		Release.AspNetCompiler.Updateable = "true"
		Release.AspNetCompiler.ForceOverwrite = "true"
		Release.AspNetCompiler.FixedNames = "false"
		Release.AspNetCompiler.Debug = "False"
		VWDPort = "51087"
		SlnRelativePath = "..\UD02-Act 01B\"
		DefaultWebSiteLanguage = "Visual C#"
	EndProjectSection
EndProject
Global
	GlobalSection(SolutionConfigurationPlatforms) = preSolution
		Debug|Any CPU = Debug|Any CPU
	EndGlobalSection
	GlobalSection(ProjectConfigurationPlatforms) = postSolution
		{7E0F02F0-FCAC-43FD-91DE-A39F7BD47853}.Debug|Any CPU.ActiveCfg = Debug|Any CPU
		{7E0F02F0-FCAC-43FD-91DE-A39F7BD47853}.Debug|Any CPU.Build.0 = Debug|Any CPU
	EndGlobalSection
	GlobalSection(SolutionProperties) = preSolution
		HideSolutionNode = FALSE
	EndGlobalSection
	GlobalSection(ExtensibilityGlobals) = postSolution
		SolutionGuid = {2DB8A0D3-DD66-4F09-8997-BC28441A0DD7}
	EndGlobalSection
EndGlobal
